
Microsoft Visual Studio Solution File, Format Version 12.00
# Visual Studio Version 16
VisualStudioVersion = 16.0.28803.202
MinimumVisualStudioVersion = 10.0.40219.1
Project("{FAE04EC0-301F-11D3-BF4B-00C04F79EFBC}") = "AutoGUI", "AutoGUI\AutoGUI.csproj", "{4A872FFE-F4AC-4D32-9CC7-83D9CCC831BE}"
EndProject
Global
	GlobalSection(SolutionConfigurationPlatforms) = preSolution
		Debug|Any CPU = Debug|Any CPU
		Release|Any CPU = Release|Any CPU
	EndGlobalSection
	GlobalSection(ProjectConfigurationPlatforms) = postSolution
		{4A872FFE-F4AC-4D32-9CC7-83D9CCC831BE}.Debug|Any CPU.ActiveCfg = Debug|Any CPU
		{4A872FFE-F4AC-4D32-9CC7-83D9CCC831BE}.Debug|Any CPU.Build.0 = Debug|Any CPU
		{4A872FFE-F4AC-4D32-9CC7-83D9CCC831BE}.Release|Any CPU.ActiveCfg = Release|Any CPU
		{4A872FFE-F4AC-4D32-9CC7-83D9CCC831BE}.Release|Any CPU.Build.0 = Release|Any CPU
	EndGlobalSection
	GlobalSection(SolutionProperties) = preSolution
		HideSolutionNode = FALSE
	EndGlobalSection
	GlobalSection(ExtensibilityGlobals) = postSolution
		SolutionGuid = {7B260C11-4C01-4CEC-8ADF-BBD77944781A}
	EndGlobalSection
EndGlobal
