
Microsoft Visual Studio Solution File, Format Version 12.00
# Visual Studio Version 16
VisualStudioVersion = 16.0.28803.202
MinimumVisualStudioVersion = 10.0.40219.1
Project("{F184B08F-C81C-45F6-A57F-5ABD9991F28F}") = "HalloWelt", "HalloWelt\HalloWelt.vbproj", "{29FFAD6E-C0C6-4C99-8D01-E96353D18CF5}"
EndProject
Global
	GlobalSection(SolutionConfigurationPlatforms) = preSolution
		Debug|Any CPU = Debug|Any CPU
		Release|Any CPU = Release|Any CPU
	EndGlobalSection
	GlobalSection(ProjectConfigurationPlatforms) = postSolution
		{29FFAD6E-C0C6-4C99-8D01-E96353D18CF5}.Debug|Any CPU.ActiveCfg = Debug|Any CPU
		{29FFAD6E-C0C6-4C99-8D01-E96353D18CF5}.Debug|Any CPU.Build.0 = Debug|Any CPU
		{29FFAD6E-C0C6-4C99-8D01-E96353D18CF5}.Release|Any CPU.ActiveCfg = Release|Any CPU
		{29FFAD6E-C0C6-4C99-8D01-E96353D18CF5}.Release|Any CPU.Build.0 = Release|Any CPU
	EndGlobalSection
	GlobalSection(SolutionProperties) = preSolution
		HideSolutionNode = FALSE
	EndGlobalSection
	GlobalSection(ExtensibilityGlobals) = postSolution
		SolutionGuid = {E8B9F801-1183-4E34-8AB5-0A1F7E9A94C1}
	EndGlobalSection
EndGlobal
